
Microsoft Visual Studio Solution File, Format Version 12.00
# Visual Studio Version 17
VisualStudioVersion = 17.3.32929.385
MinimumVisualStudioVersion = 10.0.40219.1
Project("{FAE04EC0-301F-11D3-BF4B-00C04F79EFBC}") = "BlogApi", "BlogApi.csproj", "{559CDB7F-6214-4192-B115-2336CE5CD02A}"
EndProject
Global
	GlobalSection(SolutionConfigurationPlatforms) = preSolution
		Debug|Any CPU = Debug|Any CPU
		Release|Any CPU = Release|Any CPU
	EndGlobalSection
	GlobalSection(ProjectConfigurationPlatforms) = postSolution
		{559CDB7F-6214-4192-B115-2336CE5CD02A}.Debug|Any CPU.ActiveCfg = Debug|Any CPU
		{559CDB7F-6214-4192-B115-2336CE5CD02A}.Debug|Any CPU.Build.0 = Debug|Any CPU
		{559CDB7F-6214-4192-B115-2336CE5CD02A}.Release|Any CPU.ActiveCfg = Release|Any CPU
		{559CDB7F-6214-4192-B115-2336CE5CD02A}.Release|Any CPU.Build.0 = Release|Any CPU
	EndGlobalSection
	GlobalSection(SolutionProperties) = preSolution
		HideSolutionNode = FALSE
	EndGlobalSection
	GlobalSection(ExtensibilityGlobals) = postSolution
		SolutionGuid = {4531A0AF-8AD6-4BD4-B6DF-A2D03178A50C}
	EndGlobalSection
EndGlobal
